
Microsoft Visual Studio Solution File, Format Version 12.00
# Visual Studio Version 16
VisualStudioVersion = 16.0.30204.135
MinimumVisualStudioVersion = 10.0.40219.1
Project("{FAE04EC0-301F-11D3-BF4B-00C04F79EFBC}") = "MangaTL", "MangaTL\MangaTL.csproj", "{C7703874-7EAC-4673-9F09-1E6138DCCA30}"
EndProject
Project("{FAE04EC0-301F-11D3-BF4B-00C04F79EFBC}") = "MangaTL.Core", "MangaTL.Core\MangaTL.Core.csproj", "{60AC72D3-F3CD-415E-8ECB-17F0725819EA}"
EndProject
Global
	GlobalSection(SolutionConfigurationPlatforms) = preSolution
		Debug|Any CPU = Debug|Any CPU
		Release|Any CPU = Release|Any CPU
	EndGlobalSection
	GlobalSection(ProjectConfigurationPlatforms) = postSolution
		{C7703874-7EAC-4673-9F09-1E6138DCCA30}.Debug|Any CPU.ActiveCfg = Debug|Any CPU
		{C7703874-7EAC-4673-9F09-1E6138DCCA30}.Debug|Any CPU.Build.0 = Debug|Any CPU
		{C7703874-7EAC-4673-9F09-1E6138DCCA30}.Release|Any CPU.ActiveCfg = Release|Any CPU
		{C7703874-7EAC-4673-9F09-1E6138DCCA30}.Release|Any CPU.Build.0 = Release|Any CPU
		{60AC72D3-F3CD-415E-8ECB-17F0725819EA}.Debug|Any CPU.ActiveCfg = Debug|Any CPU
		{60AC72D3-F3CD-415E-8ECB-17F0725819EA}.Debug|Any CPU.Build.0 = Debug|Any CPU
		{60AC72D3-F3CD-415E-8ECB-17F0725819EA}.Release|Any CPU.ActiveCfg = Release|Any CPU
		{60AC72D3-F3CD-415E-8ECB-17F0725819EA}.Release|Any CPU.Build.0 = Release|Any CPU
	EndGlobalSection
	GlobalSection(SolutionProperties) = preSolution
		HideSolutionNode = FALSE
	EndGlobalSection
	GlobalSection(ExtensibilityGlobals) = postSolution
		SolutionGuid = {D5741F8D-04B5-4F95-8152-8250AB461373}
	EndGlobalSection
EndGlobal
